
Microsoft Visual Studio Solution File, Format Version 12.00
# Visual Studio Version 17
VisualStudioVersion = 17.12.35527.113 d17.12
MinimumVisualStudioVersion = 10.0.40219.1
Project("{FAE04EC0-301F-11D3-BF4B-00C04F79EFBC}") = "AssignmentSession06OOP", "AssignmentSession06OOP\AssignmentSession06OOP.csproj", "{FCA58F51-E745-4395-8FFF-A6A869281745}"
EndProject
Project("{FAE04EC0-301F-11D3-BF4B-00C04F79EFBC}") = "FirstProject", "FirstProject\FirstProject.csproj", "{5C19BC23-A2E1-4858-B143-AB078E624C78}"
EndProject
Project("{FAE04EC0-301F-11D3-BF4B-00C04F79EFBC}") = "Second Project", "Second Project\Second Project.csproj", "{61C02229-EDB5-40EC-93B6-08151E54E179}"
EndProject
Project("{FAE04EC0-301F-11D3-BF4B-00C04F79EFBC}") = "Third Project", "Third Project\Third Project.csproj", "{079302E9-9210-40DD-A93D-CBBCDECFB4E3}"
EndProject
Global
	GlobalSection(SolutionConfigurationPlatforms) = preSolution
		Debug|Any CPU = Debug|Any CPU
		Release|Any CPU = Release|Any CPU
	EndGlobalSection
	GlobalSection(ProjectConfigurationPlatforms) = postSolution
		{FCA58F51-E745-4395-8FFF-A6A869281745}.Debug|Any CPU.ActiveCfg = Debug|Any CPU
		{FCA58F51-E745-4395-8FFF-A6A869281745}.Debug|Any CPU.Build.0 = Debug|Any CPU
		{FCA58F51-E745-4395-8FFF-A6A869281745}.Release|Any CPU.ActiveCfg = Release|Any CPU
		{FCA58F51-E745-4395-8FFF-A6A869281745}.Release|Any CPU.Build.0 = Release|Any CPU
		{5C19BC23-A2E1-4858-B143-AB078E624C78}.Debug|Any CPU.ActiveCfg = Debug|Any CPU
		{5C19BC23-A2E1-4858-B143-AB078E624C78}.Debug|Any CPU.Build.0 = Debug|Any CPU
		{5C19BC23-A2E1-4858-B143-AB078E624C78}.Release|Any CPU.ActiveCfg = Release|Any CPU
		{5C19BC23-A2E1-4858-B143-AB078E624C78}.Release|Any CPU.Build.0 = Release|Any CPU
		{61C02229-EDB5-40EC-93B6-08151E54E179}.Debug|Any CPU.ActiveCfg = Debug|Any CPU
		{61C02229-EDB5-40EC-93B6-08151E54E179}.Debug|Any CPU.Build.0 = Debug|Any CPU
		{61C02229-EDB5-40EC-93B6-08151E54E179}.Release|Any CPU.ActiveCfg = Release|Any CPU
		{61C02229-EDB5-40EC-93B6-08151E54E179}.Release|Any CPU.Build.0 = Release|Any CPU
		{079302E9-9210-40DD-A93D-CBBCDECFB4E3}.Debug|Any CPU.ActiveCfg = Debug|Any CPU
		{079302E9-9210-40DD-A93D-CBBCDECFB4E3}.Debug|Any CPU.Build.0 = Debug|Any CPU
		{079302E9-9210-40DD-A93D-CBBCDECFB4E3}.Release|Any CPU.ActiveCfg = Release|Any CPU
		{079302E9-9210-40DD-A93D-CBBCDECFB4E3}.Release|Any CPU.Build.0 = Release|Any CPU
	EndGlobalSection
	GlobalSection(SolutionProperties) = preSolution
		HideSolutionNode = FALSE
	EndGlobalSection
EndGlobal
